
Microsoft Visual Studio Solution File, Format Version 12.00
# Visual Studio Version 17
VisualStudioVersion = 17.6.33815.320
MinimumVisualStudioVersion = 10.0.40219.1
Project("{FAE04EC0-301F-11D3-BF4B-00C04F79EFBC}") = "Estructura_datos", "Estructura_datos\Estructura_datos.csproj", "{AD064DB4-00D4-49EE-875E-3983BF5548F8}"
EndProject
Global
	GlobalSection(SolutionConfigurationPlatforms) = preSolution
		Debug|Any CPU = Debug|Any CPU
		Release|Any CPU = Release|Any CPU
	EndGlobalSection
	GlobalSection(ProjectConfigurationPlatforms) = postSolution
		{AD064DB4-00D4-49EE-875E-3983BF5548F8}.Debug|Any CPU.ActiveCfg = Debug|Any CPU
		{AD064DB4-00D4-49EE-875E-3983BF5548F8}.Debug|Any CPU.Build.0 = Debug|Any CPU
		{AD064DB4-00D4-49EE-875E-3983BF5548F8}.Release|Any CPU.ActiveCfg = Release|Any CPU
		{AD064DB4-00D4-49EE-875E-3983BF5548F8}.Release|Any CPU.Build.0 = Release|Any CPU
	EndGlobalSection
	GlobalSection(SolutionProperties) = preSolution
		HideSolutionNode = FALSE
	EndGlobalSection
	GlobalSection(ExtensibilityGlobals) = postSolution
		SolutionGuid = {ADF466AC-84FE-4866-805E-D05EA1D12989}
	EndGlobalSection
EndGlobal
